// !$*UTF8*$!
{
	archiveVersion = 1;
	classes = {
	};
	objectVersion = 50;
	objects = {

/* Begin PBXBuildFile section */
		42350ECA2137796000212995 /* AFNetworkingVC.m in Sources */ = {isa = PBXBuildFile; fileRef = 42350EC92137796000212995 /* AFNetworkingVC.m */; };
		42350F35213784CA00212995 /* GlobalTimelineViewController.m in Sources */ = {isa = PBXBuildFile; fileRef = 42350F2B213784CA00212995 /* GlobalTimelineViewController.m */; };
		42350F36213784CA00212995 /* User.m in Sources */ = {isa = PBXBuildFile; fileRef = 42350F2F213784CA00212995 /* User.m */; };
		42350F37213784CA00212995 /* Post.m in Sources */ = {isa = PBXBuildFile; fileRef = 42350F30213784CA00212995 /* Post.m */; };
		42350F38213784CA00212995 /* PostTableViewCell.m in Sources */ = {isa = PBXBuildFile; fileRef = 42350F33213784CA00212995 /* PostTableViewCell.m */; };
		42350F3C2137861000212995 /* AFAppDotNetAPIClient.m in Sources */ = {isa = PBXBuildFile; fileRef = 42350F3A2137861000212995 /* AFAppDotNetAPIClient.m */; };
		42350F4021379A5B00212995 /* TodayViewController.m in Sources */ = {isa = PBXBuildFile; fileRef = 42350F3E21379A5B00212995 /* TodayViewController.m */; };
		42350F452137D21900212995 /* YTKNetworkVC.m in Sources */ = {isa = PBXBuildFile; fileRef = 42350F442137D21900212995 /* YTKNetworkVC.m */; };
		42350F482137D56500212995 /* TestBTKRequest1.m in Sources */ = {isa = PBXBuildFile; fileRef = 42350F472137D56500212995 /* TestBTKRequest1.m */; };
		42C787B1213D09F70012188E /* PPInterfacedConst.m in Sources */ = {isa = PBXBuildFile; fileRef = 42C787AC213D09F60012188E /* PPInterfacedConst.m */; };
		42C787B2213D09F70012188E /* PPViewController.m in Sources */ = {isa = PBXBuildFile; fileRef = 42C787AE213D09F60012188E /* PPViewController.m */; };
		42C787B3213D09F70012188E /* PPHTTPRequest.m in Sources */ = {isa = PBXBuildFile; fileRef = 42C787AF213D09F60012188E /* PPHTTPRequest.m */; };
		42C787C4213D0D100012188E /* XMViewController.m in Sources */ = {isa = PBXBuildFile; fileRef = 42C787B6213D0D100012188E /* XMViewController.m */; };
		42C787C5213D0D100012188E /* YYWeakProxy.m in Sources */ = {isa = PBXBuildFile; fileRef = 42C787B8213D0D100012188E /* YYWeakProxy.m */; };
		42C787C6213D0D100012188E /* YYFPSLabel.m in Sources */ = {isa = PBXBuildFile; fileRef = 42C787BA213D0D100012188E /* YYFPSLabel.m */; };
		42C787C7213D0D100012188E /* SearchViewController.m in Sources */ = {isa = PBXBuildFile; fileRef = 42C787BC213D0D100012188E /* SearchViewController.m */; };
		42C787C8213D0D100012188E /* TipSetTableViewCell.m in Sources */ = {isa = PBXBuildFile; fileRef = 42C787BE213D0D100012188E /* TipSetTableViewCell.m */; };
		42C787C9213D0D100012188E /* NetworkManager.m in Sources */ = {isa = PBXBuildFile; fileRef = 42C787C0213D0D100012188E /* NetworkManager.m */; };
		42C787CA213D0D100012188E /* TipSetItemModel.m in Sources */ = {isa = PBXBuildFile; fileRef = 42C787C2213D0D100012188E /* TipSetItemModel.m */; };
		42C787CC213D0FC20012188E /* app.kangzubin.com.cer in Resources */ = {isa = PBXBuildFile; fileRef = 42C787CB213D0FC20012188E /* app.kangzubin.com.cer */; };
		42E2443C21369237002F1E6E /* URLConnectionVC.m in Sources */ = {isa = PBXBuildFile; fileRef = 42E2443B21369237002F1E6E /* URLConnectionVC.m */; };
		42E2443F2136924E002F1E6E /* URLSessionVC.m in Sources */ = {isa = PBXBuildFile; fileRef = 42E2443E2136924E002F1E6E /* URLSessionVC.m */; };
		42E2444221369AFA002F1E6E /* NSDictionary+Log.m in Sources */ = {isa = PBXBuildFile; fileRef = 42E2444121369AFA002F1E6E /* NSDictionary+Log.m */; };
		42E457AF212E426200898A3D /* AppDelegate.m in Sources */ = {isa = PBXBuildFile; fileRef = 42E457AE212E426200898A3D /* AppDelegate.m */; };
		42E457B2212E426200898A3D /* ViewController.m in Sources */ = {isa = PBXBuildFile; fileRef = 42E457B1212E426200898A3D /* ViewController.m */; };
		42E457B5212E426200898A3D /* Main.storyboard in Resources */ = {isa = PBXBuildFile; fileRef = 42E457B3212E426200898A3D /* Main.storyboard */; };
		42E457B7212E426400898A3D /* Assets.xcassets in Resources */ = {isa = PBXBuildFile; fileRef = 42E457B6212E426400898A3D /* Assets.xcassets */; };
		42E457BA212E426400898A3D /* LaunchScreen.storyboard in Resources */ = {isa = PBXBuildFile; fileRef = 42E457B8212E426400898A3D /* LaunchScreen.storyboard */; };
		42E457BD212E426400898A3D /* main.m in Sources */ = {isa = PBXBuildFile; fileRef = 42E457BC212E426400898A3D /* main.m */; };
		42E457C7212E426400898A3D /* NetworkSummaryTests.m in Sources */ = {isa = PBXBuildFile; fileRef = 42E457C6212E426400898A3D /* NetworkSummaryTests.m */; };
		42E457D2212E426400898A3D /* NetworkSummaryUITests.m in Sources */ = {isa = PBXBuildFile; fileRef = 42E457D1212E426400898A3D /* NetworkSummaryUITests.m */; };
		90F310588D17C4E99845C782 /* libPods-NetworkSummary.a in Frameworks */ = {isa = PBXBuildFile; fileRef = A3B48C985D5B3E197DD316F1 /* libPods-NetworkSummary.a */; };
/* End PBXBuildFile section */

/* Begin PBXContainerItemProxy section */
		42E457C3212E426400898A3D /* PBXContainerItemProxy */ = {
			isa = PBXContainerItemProxy;
			containerPortal = 42E457A2212E426200898A3D /* Project object */;
			proxyType = 1;
			remoteGlobalIDString = 42E457A9212E426200898A3D;
			remoteInfo = NetworkSummary;
		};
		42E457CE212E426400898A3D /* PBXContainerItemProxy */ = {
			isa = PBXContainerItemProxy;
			containerPortal = 42E457A2212E426200898A3D /* Project object */;
			proxyType = 1;
			remoteGlobalIDString = 42E457A9212E426200898A3D;
			remoteInfo = NetworkSummary;
		};
/* End PBXContainerItemProxy section */

/* Begin PBXFileReference section */
		42350EC82137796000212995 /* AFNetworkingVC.h */ = {isa = PBXFileReference; lastKnownFileType = sourcecode.c.h; path = AFNetworkingVC.h; sourceTree = "<group>"; };
		42350EC92137796000212995 /* AFNetworkingVC.m */ = {isa = PBXFileReference; lastKnownFileType = sourcecode.c.objc; path = AFNetworkingVC.m; sourceTree = "<group>"; };
		42350F2B213784CA00212995 /* GlobalTimelineViewController.m */ = {isa = PBXFileReference; fileEncoding = 4; lastKnownFileType = sourcecode.c.objc; path = GlobalTimelineViewController.m; sourceTree = "<group>"; };
		42350F2C213784CA00212995 /* GlobalTimelineViewController.h */ = {isa = PBXFileReference; fileEncoding = 4; lastKnownFileType = sourcecode.c.h; path = GlobalTimelineViewController.h; sourceTree = "<group>"; };
		42350F2E213784CA00212995 /* Post.h */ = {isa = PBXFileReference; fileEncoding = 4; lastKnownFileType = sourcecode.c.h; path = Post.h; sourceTree = "<group>"; };
		42350F2F213784CA00212995 /* User.m */ = {isa = PBXFileReference; fileEncoding = 4; lastKnownFileType = sourcecode.c.objc; path = User.m; sourceTree = "<group>"; };
		42350F30213784CA00212995 /* Post.m */ = {isa = PBXFileReference; fileEncoding = 4; lastKnownFileType = sourcecode.c.objc; path = Post.m; sourceTree = "<group>"; };
		42350F31213784CA00212995 /* User.h */ = {isa = PBXFileReference; fileEncoding = 4; lastKnownFileType = sourcecode.c.h; path = User.h; sourceTree = "<group>"; };
		42350F33213784CA00212995 /* PostTableViewCell.m */ = {isa = PBXFileReference; fileEncoding = 4; lastKnownFileType = sourcecode.c.objc; path = PostTableViewCell.m; sourceTree = "<group>"; };
		42350F34213784CA00212995 /* PostTableViewCell.h */ = {isa = PBXFileReference; fileEncoding = 4; lastKnownFileType = sourcecode.c.h; path = PostTableViewCell.h; sourceTree = "<group>"; };
		42350F3A2137861000212995 /* AFAppDotNetAPIClient.m */ = {isa = PBXFileReference; fileEncoding = 4; lastKnownFileType = sourcecode.c.objc; path = AFAppDotNetAPIClient.m; sourceTree = "<group>"; };
		42350F3B2137861000212995 /* AFAppDotNetAPIClient.h */ = {isa = PBXFileReference; fileEncoding = 4; lastKnownFileType = sourcecode.c.h; path = AFAppDotNetAPIClient.h; sourceTree = "<group>"; };
		42350F3E21379A5B00212995 /* TodayViewController.m */ = {isa = PBXFileReference; fileEncoding = 4; lastKnownFileType = sourcecode.c.objc; path = TodayViewController.m; sourceTree = "<group>"; };
		42350F3F21379A5B00212995 /* TodayViewController.h */ = {isa = PBXFileReference; fileEncoding = 4; lastKnownFileType = sourcecode.c.h; path = TodayViewController.h; sourceTree = "<group>"; };
		42350F432137D21900212995 /* YTKNetworkVC.h */ = {isa = PBXFileReference; lastKnownFileType = sourcecode.c.h; path = YTKNetworkVC.h; sourceTree = "<group>"; };
		42350F442137D21900212995 /* YTKNetworkVC.m */ = {isa = PBXFileReference; lastKnownFileType = sourcecode.c.objc; path = YTKNetworkVC.m; sourceTree = "<group>"; };
		42350F462137D56500212995 /* TestBTKRequest1.h */ = {isa = PBXFileReference; lastKnownFileType = sourcecode.c.h; path = TestBTKRequest1.h; sourceTree = "<group>"; };
		42350F472137D56500212995 /* TestBTKRequest1.m */ = {isa = PBXFileReference; lastKnownFileType = sourcecode.c.objc; path = TestBTKRequest1.m; sourceTree = "<group>"; };
		42C787AC213D09F60012188E /* PPInterfacedConst.m */ = {isa = PBXFileReference; fileEncoding = 4; lastKnownFileType = sourcecode.c.objc; path = PPInterfacedConst.m; sourceTree = "<group>"; };
		42C787AD213D09F60012188E /* PPInterfacedConst.h */ = {isa = PBXFileReference; fileEncoding = 4; lastKnownFileType = sourcecode.c.h; path = PPInterfacedConst.h; sourceTree = "<group>"; };
		42C787AE213D09F60012188E /* PPViewController.m */ = {isa = PBXFileReference; fileEncoding = 4; lastKnownFileType = sourcecode.c.objc; path = PPViewController.m; sourceTree = "<group>"; };
		42C787AF213D09F60012188E /* PPHTTPRequest.m */ = {isa = PBXFileReference; fileEncoding = 4; lastKnownFileType = sourcecode.c.objc; path = PPHTTPRequest.m; sourceTree = "<group>"; };
		42C787B0213D09F70012188E /* PPViewController.h */ = {isa = PBXFileReference; fileEncoding = 4; lastKnownFileType = sourcecode.c.h; path = PPViewController.h; sourceTree = "<group>"; };
		42C787B5213D0D100012188E /* TipSetTableViewCell.h */ = {isa = PBXFileReference; fileEncoding = 4; lastKnownFileType = sourcecode.c.h; path = TipSetTableViewCell.h; sourceTree = "<group>"; };
		42C787B6213D0D100012188E /* XMViewController.m */ = {isa = PBXFileReference; fileEncoding = 4; lastKnownFileType = sourcecode.c.objc; path = XMViewController.m; sourceTree = "<group>"; };
		42C787B8213D0D100012188E /* YYWeakProxy.m */ = {isa = PBXFileReference; fileEncoding = 4; lastKnownFileType = sourcecode.c.objc; path = YYWeakProxy.m; sourceTree = "<group>"; };
		42C787B9213D0D100012188E /* YYFPSLabel.h */ = {isa = PBXFileReference; fileEncoding = 4; lastKnownFileType = sourcecode.c.h; path = YYFPSLabel.h; sourceTree = "<group>"; };
		42C787BA213D0D100012188E /* YYFPSLabel.m */ = {isa = PBXFileReference; fileEncoding = 4; lastKnownFileType = sourcecode.c.objc; path = YYFPSLabel.m; sourceTree = "<group>"; };
		42C787BB213D0D100012188E /* YYWeakProxy.h */ = {isa = PBXFileReference; fileEncoding = 4; lastKnownFileType = sourcecode.c.h; path = YYWeakProxy.h; sourceTree = "<group>"; };
		42C787BC213D0D100012188E /* SearchViewController.m */ = {isa = PBXFileReference; fileEncoding = 4; lastKnownFileType = sourcecode.c.objc; path = SearchViewController.m; sourceTree = "<group>"; };
		42C787BD213D0D100012188E /* TipSetItemModel.h */ = {isa = PBXFileReference; fileEncoding = 4; lastKnownFileType = sourcecode.c.h; path = TipSetItemModel.h; sourceTree = "<group>"; };
		42C787BE213D0D100012188E /* TipSetTableViewCell.m */ = {isa = PBXFileReference; fileEncoding = 4; lastKnownFileType = sourcecode.c.objc; path = TipSetTableViewCell.m; sourceTree = "<group>"; };
		42C787BF213D0D100012188E /* XMViewController.h */ = {isa = PBXFileReference; fileEncoding = 4; lastKnownFileType = sourcecode.c.h; path = XMViewController.h; sourceTree = "<group>"; };
		42C787C0213D0D100012188E /* NetworkManager.m */ = {isa = PBXFileReference; fileEncoding = 4; lastKnownFileType = sourcecode.c.objc; path = NetworkManager.m; sourceTree = "<group>"; };
		42C787C1213D0D100012188E /* NetworkManager.h */ = {isa = PBXFileReference; fileEncoding = 4; lastKnownFileType = sourcecode.c.h; path = NetworkManager.h; sourceTree = "<group>"; };
		42C787C2213D0D100012188E /* TipSetItemModel.m */ = {isa = PBXFileReference; fileEncoding = 4; lastKnownFileType = sourcecode.c.objc; path = TipSetItemModel.m; sourceTree = "<group>"; };
		42C787C3213D0D100012188E /* SearchViewController.h */ = {isa = PBXFileReference; fileEncoding = 4; lastKnownFileType = sourcecode.c.h; path = SearchViewController.h; sourceTree = "<group>"; };
		42C787CB213D0FC20012188E /* app.kangzubin.com.cer */ = {isa = PBXFileReference; lastKnownFileType = file; path = app.kangzubin.com.cer; sourceTree = "<group>"; };
		42E2443A21369237002F1E6E /* URLConnectionVC.h */ = {isa = PBXFileReference; lastKnownFileType = sourcecode.c.h; path = URLConnectionVC.h; sourceTree = "<group>"; };
		42E2443B21369237002F1E6E /* URLConnectionVC.m */ = {isa = PBXFileReference; lastKnownFileType = sourcecode.c.objc; path = URLConnectionVC.m; sourceTree = "<group>"; };
		42E2443D2136924E002F1E6E /* URLSessionVC.h */ = {isa = PBXFileReference; lastKnownFileType = sourcecode.c.h; path = URLSessionVC.h; sourceTree = "<group>"; };
		42E2443E2136924E002F1E6E /* URLSessionVC.m */ = {isa = PBXFileReference; lastKnownFileType = sourcecode.c.objc; path = URLSessionVC.m; sourceTree = "<group>"; };
		42E2444021369AF9002F1E6E /* NSDictionary+Log.h */ = {isa = PBXFileReference; fileEncoding = 4; lastKnownFileType = sourcecode.c.h; path = "NSDictionary+Log.h"; sourceTree = "<group>"; };
		42E2444121369AFA002F1E6E /* NSDictionary+Log.m */ = {isa = PBXFileReference; fileEncoding = 4; lastKnownFileType = sourcecode.c.objc; path = "NSDictionary+Log.m"; sourceTree = "<group>"; };
		42E457AA212E426200898A3D /* NetworkSummary.app */ = {isa = PBXFileReference; explicitFileType = wrapper.application; includeInIndex = 0; path = NetworkSummary.app; sourceTree = BUILT_PRODUCTS_DIR; };
		42E457AD212E426200898A3D /* AppDelegate.h */ = {isa = PBXFileReference; lastKnownFileType = sourcecode.c.h; path = AppDelegate.h; sourceTree = "<group>"; };
		42E457AE212E426200898A3D /* AppDelegate.m */ = {isa = PBXFileReference; lastKnownFileType = sourcecode.c.objc; path = AppDelegate.m; sourceTree = "<group>"; };
		42E457B0212E426200898A3D /* ViewController.h */ = {isa = PBXFileReference; lastKnownFileType = sourcecode.c.h; path = ViewController.h; sourceTree = "<group>"; };
		42E457B1212E426200898A3D /* ViewController.m */ = {isa = PBXFileReference; lastKnownFileType = sourcecode.c.objc; path = ViewController.m; sourceTree = "<group>"; };
		42E457B4212E426200898A3D /* Base */ = {isa = PBXFileReference; lastKnownFileType = file.storyboard; name = Base; path = Base.lproj/Main.storyboard; sourceTree = "<group>"; };
		42E457B6212E426400898A3D /* Assets.xcassets */ = {isa = PBXFileReference; lastKnownFileType = folder.assetcatalog; path = Assets.xcassets; sourceTree = "<group>"; };
		42E457B9212E426400898A3D /* Base */ = {isa = PBXFileReference; lastKnownFileType = file.storyboard; name = Base; path = Base.lproj/LaunchScreen.storyboard; sourceTree = "<group>"; };
		42E457BB212E426400898A3D /* Info.plist */ = {isa = PBXFileReference; lastKnownFileType = text.plist.xml; path = Info.plist; sourceTree = "<group>"; };
		42E457BC212E426400898A3D /* main.m */ = {isa = PBXFileReference; lastKnownFileType = sourcecode.c.objc; path = main.m; sourceTree = "<group>"; };
		42E457C2212E426400898A3D /* NetworkSummaryTests.xctest */ = {isa = PBXFileReference; explicitFileType = wrapper.cfbundle; includeInIndex = 0; path = NetworkSummaryTests.xctest; sourceTree = BUILT_PRODUCTS_DIR; };
		42E457C6212E426400898A3D /* NetworkSummaryTests.m */ = {isa = PBXFileReference; lastKnownFileType = sourcecode.c.objc; path = NetworkSummaryTests.m; sourceTree = "<group>"; };
		42E457C8212E426400898A3D /* Info.plist */ = {isa = PBXFileReference; lastKnownFileType = text.plist.xml; path = Info.plist; sourceTree = "<group>"; };
		42E457CD212E426400898A3D /* NetworkSummaryUITests.xctest */ = {isa = PBXFileReference; explicitFileType = wrapper.cfbundle; includeInIndex = 0; path = NetworkSummaryUITests.xctest; sourceTree = BUILT_PRODUCTS_DIR; };
		42E457D1212E426400898A3D /* NetworkSummaryUITests.m */ = {isa = PBXFileReference; lastKnownFileType = sourcecode.c.objc; path = NetworkSummaryUITests.m; sourceTree = "<group>"; };
		42E457D3212E426400898A3D /* Info.plist */ = {isa = PBXFileReference; lastKnownFileType = text.plist.xml; path = Info.plist; sourceTree = "<group>"; };
		9F9F8BDA2310C695828EF415 /* Pods-NetworkSummary.release.xcconfig */ = {isa = PBXFileReference; includeInIndex = 1; lastKnownFileType = text.xcconfig; name = "Pods-NetworkSummary.release.xcconfig"; path = "Pods/Target Support Files/Pods-NetworkSummary/Pods-NetworkSummary.release.xcconfig"; sourceTree = "<group>"; };
		A3B48C985D5B3E197DD316F1 /* libPods-NetworkSummary.a */ = {isa = PBXFileReference; explicitFileType = archive.ar; includeInIndex = 0; path = "libPods-NetworkSummary.a"; sourceTree = BUILT_PRODUCTS_DIR; };
		B99D65BBD4D969E1CF330A53 /* Pods-NetworkSummary.debug.xcconfig */ = {isa = PBXFileReference; includeInIndex = 1; lastKnownFileType = text.xcconfig; name = "Pods-NetworkSummary.debug.xcconfig"; path = "Pods/Target Support Files/Pods-NetworkSummary/Pods-NetworkSummary.debug.xcconfig"; sourceTree = "<group>"; };
/* End PBXFileReference section */

/* Begin PBXFrameworksBuildPhase section */
		42E457A7212E426200898A3D /* Frameworks */ = {
			isa = PBXFrameworksBuildPhase;
			buildActionMask = 2147483647;
			files = (
				90F310588D17C4E99845C782 /* libPods-NetworkSummary.a in Frameworks */,
			);
			runOnlyForDeploymentPostprocessing = 0;
		};
		42E457BF212E426400898A3D /* Frameworks */ = {
			isa = PBXFrameworksBuildPhase;
			buildActionMask = 2147483647;
			files = (
			);
			runOnlyForDeploymentPostprocessing = 0;
		};
		42E457CA212E426400898A3D /* Frameworks */ = {
			isa = PBXFrameworksBuildPhase;
			buildActionMask = 2147483647;
			files = (
			);
			runOnlyForDeploymentPostprocessing = 0;
		};
/* End PBXFrameworksBuildPhase section */

/* Begin PBXGroup section */
		42350EC72137792300212995 /* 3_AFN使用 */ = {
			isa = PBXGroup;
			children = (
				42350EC82137796000212995 /* AFNetworkingVC.h */,
				42350EC92137796000212995 /* AFNetworkingVC.m */,
				42350F292137843C00212995 /* AFN官方demo1 */,
				42350F3D213799B400212995 /* AFN官方demo2 */,
			);
			path = "3_AFN使用";
			sourceTree = "<group>";
		};
		42350F292137843C00212995 /* AFN官方demo1 */ = {
			isa = PBXGroup;
			children = (
				42350F2A213784CA00212995 /* Controllers */,
				42350F2D213784CA00212995 /* Models */,
				42350F32213784CA00212995 /* Views */,
				42350F392137861000212995 /* Networking Extensions */,
			);
			path = "AFN官方demo1";
			sourceTree = "<group>";
		};
		42350F2A213784CA00212995 /* Controllers */ = {
			isa = PBXGroup;
			children = (
				42350F2C213784CA00212995 /* GlobalTimelineViewController.h */,
				42350F2B213784CA00212995 /* GlobalTimelineViewController.m */,
			);
			path = Controllers;
			sourceTree = "<group>";
		};
		42350F2D213784CA00212995 /* Models */ = {
			isa = PBXGroup;
			children = (
				42350F2E213784CA00212995 /* Post.h */,
				42350F30213784CA00212995 /* Post.m */,
				42350F31213784CA00212995 /* User.h */,
				42350F2F213784CA00212995 /* User.m */,
			);
			path = Models;
			sourceTree = "<group>";
		};
		42350F32213784CA00212995 /* Views */ = {
			isa = PBXGroup;
			children = (
				42350F34213784CA00212995 /* PostTableViewCell.h */,
				42350F33213784CA00212995 /* PostTableViewCell.m */,
			);
			path = Views;
			sourceTree = "<group>";
		};
		42350F392137861000212995 /* Networking Extensions */ = {
			isa = PBXGroup;
			children = (
				42350F3B2137861000212995 /* AFAppDotNetAPIClient.h */,
				42350F3A2137861000212995 /* AFAppDotNetAPIClient.m */,
			);
			path = "Networking Extensions";
			sourceTree = "<group>";
		};
		42350F3D213799B400212995 /* AFN官方demo2 */ = {
			isa = PBXGroup;
			children = (
				42350F3F21379A5B00212995 /* TodayViewController.h */,
				42350F3E21379A5B00212995 /* TodayViewController.m */,
			);
			path = "AFN官方demo2";
			sourceTree = "<group>";
		};
		42350F412137C4CD00212995 /* 4_AFN的封装 */ = {
			isa = PBXGroup;
			children = (
				42350F422137D1E000212995 /* 1，猿题库YTKNetwork */,
				42C787AB213D09070012188E /* 2，PPNetworkHelper */,
				42C787B4213D0BCD0012188E /* 3，XMNetworking */,
			);
			path = "4_AFN的封装";
			sourceTree = "<group>";
		};
		42350F422137D1E000212995 /* 1，猿题库YTKNetwork */ = {
			isa = PBXGroup;
			children = (
				42350F432137D21900212995 /* YTKNetworkVC.h */,
				42350F442137D21900212995 /* YTKNetworkVC.m */,
				42350F462137D56500212995 /* TestBTKRequest1.h */,
				42350F472137D56500212995 /* TestBTKRequest1.m */,
			);
			path = "1，猿题库YTKNetwork";
			sourceTree = "<group>";
		};
		42C787AB213D09070012188E /* 2，PPNetworkHelper */ = {
			isa = PBXGroup;
			children = (
				42C787B0213D09F70012188E /* PPViewController.h */,
				42C787AE213D09F60012188E /* PPViewController.m */,
				42C787AF213D09F60012188E /* PPHTTPRequest.m */,
				42C787AD213D09F60012188E /* PPInterfacedConst.h */,
				42C787AC213D09F60012188E /* PPInterfacedConst.m */,
			);
			path = "2，PPNetworkHelper";
			sourceTree = "<group>";
		};
		42C787B4213D0BCD0012188E /* 3，XMNetworking */ = {
			isa = PBXGroup;
			children = (
				42C787CB213D0FC20012188E /* app.kangzubin.com.cer */,
				42C787BF213D0D100012188E /* XMViewController.h */,
				42C787B6213D0D100012188E /* XMViewController.m */,
				42C787C1213D0D100012188E /* NetworkManager.h */,
				42C787C0213D0D100012188E /* NetworkManager.m */,
				42C787C3213D0D100012188E /* SearchViewController.h */,
				42C787BC213D0D100012188E /* SearchViewController.m */,
				42C787BD213D0D100012188E /* TipSetItemModel.h */,
				42C787C2213D0D100012188E /* TipSetItemModel.m */,
				42C787B5213D0D100012188E /* TipSetTableViewCell.h */,
				42C787BE213D0D100012188E /* TipSetTableViewCell.m */,
				42C787B7213D0D100012188E /* YYFPSLabel */,
			);
			path = "3，XMNetworking";
			sourceTree = "<group>";
		};
		42C787B7213D0D100012188E /* YYFPSLabel */ = {
			isa = PBXGroup;
			children = (
				42C787B8213D0D100012188E /* YYWeakProxy.m */,
				42C787B9213D0D100012188E /* YYFPSLabel.h */,
				42C787BA213D0D100012188E /* YYFPSLabel.m */,
				42C787BB213D0D100012188E /* YYWeakProxy.h */,
			);
			path = YYFPSLabel;
			sourceTree = "<group>";
		};
		42E2443821369148002F1E6E /* 1_NSURLConnection使用 */ = {
			isa = PBXGroup;
			children = (
				42E2443A21369237002F1E6E /* URLConnectionVC.h */,
				42E2443B21369237002F1E6E /* URLConnectionVC.m */,
			);
			path = "1_NSURLConnection使用";
			sourceTree = "<group>";
		};
		42E2443921369166002F1E6E /* 2_NSURLSession使用 */ = {
			isa = PBXGroup;
			children = (
				42E2443D2136924E002F1E6E /* URLSessionVC.h */,
				42E2443E2136924E002F1E6E /* URLSessionVC.m */,
				42E2444021369AF9002F1E6E /* NSDictionary+Log.h */,
				42E2444121369AFA002F1E6E /* NSDictionary+Log.m */,
			);
			path = "2_NSURLSession使用";
			sourceTree = "<group>";
		};
		42E457A1212E426200898A3D = {
			isa = PBXGroup;
			children = (
				42E457AC212E426200898A3D /* NetworkSummary */,
				42E457C5212E426400898A3D /* NetworkSummaryTests */,
				42E457D0212E426400898A3D /* NetworkSummaryUITests */,
				42E457AB212E426200898A3D /* Products */,
				6E280D68E5E91DD86B610E5A /* Pods */,
				5C3BFB664F060F971895DB0E /* Frameworks */,
			);
			sourceTree = "<group>";
		};
		42E457AB212E426200898A3D /* Products */ = {
			isa = PBXGroup;
			children = (
				42E457AA212E426200898A3D /* NetworkSummary.app */,
				42E457C2212E426400898A3D /* NetworkSummaryTests.xctest */,
				42E457CD212E426400898A3D /* NetworkSummaryUITests.xctest */,
			);
			name = Products;
			sourceTree = "<group>";
		};
		42E457AC212E426200898A3D /* NetworkSummary */ = {
			isa = PBXGroup;
			children = (
				42E457AD212E426200898A3D /* AppDelegate.h */,
				42E457AE212E426200898A3D /* AppDelegate.m */,
				42E457B0212E426200898A3D /* ViewController.h */,
				42E457B1212E426200898A3D /* ViewController.m */,
				42E2443821369148002F1E6E /* 1_NSURLConnection使用 */,
				42E2443921369166002F1E6E /* 2_NSURLSession使用 */,
				42350EC72137792300212995 /* 3_AFN使用 */,
				42350F412137C4CD00212995 /* 4_AFN的封装 */,
				42E457B3212E426200898A3D /* Main.storyboard */,
				42E457B6212E426400898A3D /* Assets.xcassets */,
				42E457B8212E426400898A3D /* LaunchScreen.storyboard */,
				42E457BB212E426400898A3D /* Info.plist */,
				42E457BC212E426400898A3D /* main.m */,
			);
			path = NetworkSummary;
			sourceTree = "<group>";
		};
		42E457C5212E426400898A3D /* NetworkSummaryTests */ = {
			isa = PBXGroup;
			children = (
				42E457C6212E426400898A3D /* NetworkSummaryTests.m */,
				42E457C8212E426400898A3D /* Info.plist */,
			);
			path = NetworkSummaryTests;
			sourceTree = "<group>";
		};
		42E457D0212E426400898A3D /* NetworkSummaryUITests */ = {
			isa = PBXGroup;
			children = (
				42E457D1212E426400898A3D /* NetworkSummaryUITests.m */,
				42E457D3212E426400898A3D /* Info.plist */,
			);
			path = NetworkSummaryUITests;
			sourceTree = "<group>";
		};
		5C3BFB664F060F971895DB0E /* Frameworks */ = {
			isa = PBXGroup;
			children = (
				A3B48C985D5B3E197DD316F1 /* libPods-NetworkSummary.a */,
			);
			name = Frameworks;
			sourceTree = "<group>";
		};
		6E280D68E5E91DD86B610E5A /* Pods */ = {
			isa = PBXGroup;
			children = (
				B99D65BBD4D969E1CF330A53 /* Pods-NetworkSummary.debug.xcconfig */,
				9F9F8BDA2310C695828EF415 /* Pods-NetworkSummary.release.xcconfig */,
			);
			name = Pods;
			sourceTree = "<group>";
		};
/* End PBXGroup section */

/* Begin PBXNativeTarget section */
		42E457A9212E426200898A3D /* NetworkSummary */ = {
			isa = PBXNativeTarget;
			buildConfigurationList = 42E457D6212E426400898A3D /* Build configuration list for PBXNativeTarget "NetworkSummary" */;
			buildPhases = (
				2D80B1F742FD068FAFB12C22 /* [CP] Check Pods Manifest.lock */,
				42E457A6212E426200898A3D /* Sources */,
				42E457A7212E426200898A3D /* Frameworks */,
				42E457A8212E426200898A3D /* Resources */,
			);
			buildRules = (
			);
			dependencies = (
			);
			name = NetworkSummary;
			productName = NetworkSummary;
			productReference = 42E457AA212E426200898A3D /* NetworkSummary.app */;
			productType = "com.apple.product-type.application";
		};
		42E457C1212E426400898A3D /* NetworkSummaryTests */ = {
			isa = PBXNativeTarget;
			buildConfigurationList = 42E457D9212E426400898A3D /* Build configuration list for PBXNativeTarget "NetworkSummaryTests" */;
			buildPhases = (
				42E457BE212E426400898A3D /* Sources */,
				42E457BF212E426400898A3D /* Frameworks */,
				42E457C0212E426400898A3D /* Resources */,
			);
			buildRules = (
			);
			dependencies = (
				42E457C4212E426400898A3D /* PBXTargetDependency */,
			);
			name = NetworkSummaryTests;
			productName = NetworkSummaryTests;
			productReference = 42E457C2212E426400898A3D /* NetworkSummaryTests.xctest */;
			productType = "com.apple.product-type.bundle.unit-test";
		};
		42E457CC212E426400898A3D /* NetworkSummaryUITests */ = {
			isa = PBXNativeTarget;
			buildConfigurationList = 42E457DC212E426400898A3D /* Build configuration list for PBXNativeTarget "NetworkSummaryUITests" */;
			buildPhases = (
				42E457C9212E426400898A3D /* Sources */,
				42E457CA212E426400898A3D /* Frameworks */,
				42E457CB212E426400898A3D /* Resources */,
			);
			buildRules = (
			);
			dependencies = (
				42E457CF212E426400898A3D /* PBXTargetDependency */,
			);
			name = NetworkSummaryUITests;
			productName = NetworkSummaryUITests;
			productReference = 42E457CD212E426400898A3D /* NetworkSummaryUITests.xctest */;
			productType = "com.apple.product-type.bundle.ui-testing";
		};
/* End PBXNativeTarget section */

/* Begin PBXProject section */
		42E457A2212E426200898A3D /* Project object */ = {
			isa = PBXProject;
			attributes = {
				LastUpgradeCheck = 0940;
				ORGANIZATIONNAME = macheng;
				TargetAttributes = {
					42E457A9212E426200898A3D = {
						CreatedOnToolsVersion = 9.4;
					};
					42E457C1212E426400898A3D = {
						CreatedOnToolsVersion = 9.4;
						TestTargetID = 42E457A9212E426200898A3D;
					};
					42E457CC212E426400898A3D = {
						CreatedOnToolsVersion = 9.4;
						TestTargetID = 42E457A9212E426200898A3D;
					};
				};
			};
			buildConfigurationList = 42E457A5212E426200898A3D /* Build configuration list for PBXProject "NetworkSummary" */;
			compatibilityVersion = "Xcode 9.3";
			developmentRegion = en;
			hasScannedForEncodings = 0;
			knownRegions = (
				en,
				Base,
			);
			mainGroup = 42E457A1212E426200898A3D;
			productRefGroup = 42E457AB212E426200898A3D /* Products */;
			projectDirPath = "";
			projectRoot = "";
			targets = (
				42E457A9212E426200898A3D /* NetworkSummary */,
				42E457C1212E426400898A3D /* NetworkSummaryTests */,
				42E457CC212E426400898A3D /* NetworkSummaryUITests */,
			);
		};
/* End PBXProject section */

/* Begin PBXResourcesBuildPhase section */
		42E457A8212E426200898A3D /* Resources */ = {
			isa = PBXResourcesBuildPhase;
			buildActionMask = 2147483647;
			files = (
				42E457BA212E426400898A3D /* LaunchScreen.storyboard in Resources */,
				42E457B7212E426400898A3D /* Assets.xcassets in Resources */,
				42C787CC213D0FC20012188E /* app.kangzubin.com.cer in Resources */,
				42E457B5212E426200898A3D /* Main.storyboard in Resources */,
			);
			runOnlyForDeploymentPostprocessing = 0;
		};
		42E457C0212E426400898A3D /* Resources */ = {
			isa = PBXResourcesBuildPhase;
			buildActionMask = 2147483647;
			files = (
			);
			runOnlyForDeploymentPostprocessing = 0;
		};
		42E457CB212E426400898A3D /* Resources */ = {
			isa = PBXResourcesBuildPhase;
			buildActionMask = 2147483647;
			files = (
			);
			runOnlyForDeploymentPostprocessing = 0;
		};
/* End PBXResourcesBuildPhase section */

/* Begin PBXShellScriptBuildPhase section */
		2D80B1F742FD068FAFB12C22 /* [CP] Check Pods Manifest.lock */ = {
			isa = PBXShellScriptBuildPhase;
			buildActionMask = 2147483647;
			files = (
			);
			inputPaths = (
				"${PODS_PODFILE_DIR_PATH}/Podfile.lock",
				"${PODS_ROOT}/Manifest.lock",
			);
			name = "[CP] Check Pods Manifest.lock";
			outputPaths = (
				"$(DERIVED_FILE_DIR)/Pods-NetworkSummary-checkManifestLockResult.txt",
			);
			runOnlyForDeploymentPostprocessing = 0;
			shellPath = /bin/sh;
			shellScript = "diff \"${PODS_PODFILE_DIR_PATH}/Podfile.lock\" \"${PODS_ROOT}/Manifest.lock\" > /dev/null\nif [ $? != 0 ] ; then\n    # print error to STDERR\n    echo \"error: The sandbox is not in sync with the Podfile.lock. Run 'pod install' or update your CocoaPods installation.\" >&2\n    exit 1\nfi\n# This output is used by Xcode 'outputs' to avoid re-running this script phase.\necho \"SUCCESS\" > \"${SCRIPT_OUTPUT_FILE_0}\"\n";
			showEnvVarsInLog = 0;
		};
/* End PBXShellScriptBuildPhase section */

/* Begin PBXSourcesBuildPhase section */
		42E457A6212E426200898A3D /* Sources */ = {
			isa = PBXSourcesBuildPhase;
			buildActionMask = 2147483647;
			files = (
				42C787C6213D0D100012188E /* YYFPSLabel.m in Sources */,
				42350F35213784CA00212995 /* GlobalTimelineViewController.m in Sources */,
				42C787B3213D09F70012188E /* PPHTTPRequest.m in Sources */,
				42350F4021379A5B00212995 /* TodayViewController.m in Sources */,
				42350ECA2137796000212995 /* AFNetworkingVC.m in Sources */,
				42C787C5213D0D100012188E /* YYWeakProxy.m in Sources */,
				42350F482137D56500212995 /* TestBTKRequest1.m in Sources */,
				42350F36213784CA00212995 /* User.m in Sources */,
				42C787C7213D0D100012188E /* SearchViewController.m in Sources */,
				42C787C4213D0D100012188E /* XMViewController.m in Sources */,
				42E2443C21369237002F1E6E /* URLConnectionVC.m in Sources */,
				42350F3C2137861000212995 /* AFAppDotNetAPIClient.m in Sources */,
				42350F452137D21900212995 /* YTKNetworkVC.m in Sources */,
				42E2444221369AFA002F1E6E /* NSDictionary+Log.m in Sources */,
				42350F37213784CA00212995 /* Post.m in Sources */,
				42C787B1213D09F70012188E /* PPInterfacedConst.m in Sources */,
				42C787CA213D0D100012188E /* TipSetItemModel.m in Sources */,
				42C787C9213D0D100012188E /* NetworkManager.m in Sources */,
				42C787C8213D0D100012188E /* TipSetTableViewCell.m in Sources */,
				42E457B2212E426200898A3D /* ViewController.m in Sources */,
				42E457BD212E426400898A3D /* main.m in Sources */,
				42E457AF212E426200898A3D /* AppDelegate.m in Sources */,
				42350F38213784CA00212995 /* PostTableViewCell.m in Sources */,
				42E2443F2136924E002F1E6E /* URLSessionVC.m in Sources */,
				42C787B2213D09F70012188E /* PPViewController.m in Sources */,
			);
			runOnlyForDeploymentPostprocessing = 0;
		};
		42E457BE212E426400898A3D /* Sources */ = {
			isa = PBXSourcesBuildPhase;
			buildActionMask = 2147483647;
			files = (
				42E457C7212E426400898A3D /* NetworkSummaryTests.m in Sources */,
			);
			runOnlyForDeploymentPostprocessing = 0;
		};
		42E457C9212E426400898A3D /* Sources */ = {
			isa = PBXSourcesBuildPhase;
			buildActionMask = 2147483647;
			files = (
				42E457D2212E426400898A3D /* NetworkSummaryUITests.m in Sources */,
			);
			runOnlyForDeploymentPostprocessing = 0;
		};
/* End PBXSourcesBuildPhase section */

/* Begin PBXTargetDependency section */
		42E457C4212E426400898A3D /* PBXTargetDependency */ = {
			isa = PBXTargetDependency;
			target = 42E457A9212E426200898A3D /* NetworkSummary */;
			targetProxy = 42E457C3212E426400898A3D /* PBXContainerItemProxy */;
		};
		42E457CF212E426400898A3D /* PBXTargetDependency */ = {
			isa = PBXTargetDependency;
			target = 42E457A9212E426200898A3D /* NetworkSummary */;
			targetProxy = 42E457CE212E426400898A3D /* PBXContainerItemProxy */;
		};
/* End PBXTargetDependency section */

/* Begin PBXVariantGroup section */
		42E457B3212E426200898A3D /* Main.storyboard */ = {
			isa = PBXVariantGroup;
			children = (
				42E457B4212E426200898A3D /* Base */,
			);
			name = Main.storyboard;
			sourceTree = "<group>";
		};
		42E457B8212E426400898A3D /* LaunchScreen.storyboard */ = {
			isa = PBXVariantGroup;
			children = (
				42E457B9212E426400898A3D /* Base */,
			);
			name = LaunchScreen.storyboard;
			sourceTree = "<group>";
		};
/* End PBXVariantGroup section */

/* Begin XCBuildConfiguration section */
		42E457D4212E426400898A3D /* Debug */ = {
			isa = XCBuildConfiguration;
			buildSettings = {
				ALWAYS_SEARCH_USER_PATHS = NO;
				CLANG_ANALYZER_NONNULL = YES;
				CLANG_ANALYZER_NUMBER_OBJECT_CONVERSION = YES_AGGRESSIVE;
				CLANG_CXX_LANGUAGE_STANDARD = "gnu++14";
				CLANG_CXX_LIBRARY = "libc++";
				CLANG_ENABLE_MODULES = YES;
				CLANG_ENABLE_OBJC_ARC = YES;
				CLANG_ENABLE_OBJC_WEAK = YES;
				CLANG_WARN_BLOCK_CAPTURE_AUTORELEASING = YES;
				CLANG_WARN_BOOL_CONVERSION = YES;
				CLANG_WARN_COMMA = YES;
				CLANG_WARN_CONSTANT_CONVERSION = YES;
				CLANG_WARN_DEPRECATED_OBJC_IMPLEMENTATIONS = YES;
				CLANG_WARN_DIRECT_OBJC_ISA_USAGE = YES_ERROR;
				CLANG_WARN_DOCUMENTATION_COMMENTS = YES;
				CLANG_WARN_EMPTY_BODY = YES;
				CLANG_WARN_ENUM_CONVERSION = YES;
				CLANG_WARN_INFINITE_RECURSION = YES;
				CLANG_WARN_INT_CONVERSION = YES;
				CLANG_WARN_NON_LITERAL_NULL_CONVERSION = YES;
				CLANG_WARN_OBJC_IMPLICIT_RETAIN_SELF = YES;
				CLANG_WARN_OBJC_LITERAL_CONVERSION = YES;
				CLANG_WARN_OBJC_ROOT_CLASS = YES_ERROR;
				CLANG_WARN_RANGE_LOOP_ANALYSIS = YES;
				CLANG_WARN_STRICT_PROTOTYPES = YES;
				CLANG_WARN_SUSPICIOUS_MOVE = YES;
				CLANG_WARN_UNGUARDED_AVAILABILITY = YES_AGGRESSIVE;
				CLANG_WARN_UNREACHABLE_CODE = YES;
				CLANG_WARN__DUPLICATE_METHOD_MATCH = YES;
				CODE_SIGN_IDENTITY = "iPhone Developer";
				COPY_PHASE_STRIP = NO;
				DEBUG_INFORMATION_FORMAT = dwarf;
				ENABLE_STRICT_OBJC_MSGSEND = YES;
				ENABLE_TESTABILITY = YES;
				GCC_C_LANGUAGE_STANDARD = gnu11;
				GCC_DYNAMIC_NO_PIC = NO;
				GCC_NO_COMMON_BLOCKS = YES;
				GCC_OPTIMIZATION_LEVEL = 0;
				GCC_PREPROCESSOR_DEFINITIONS = (
					"DEBUG=1",
					"$(inherited)",
				);
				GCC_WARN_64_TO_32_BIT_CONVERSION = YES;
				GCC_WARN_ABOUT_RETURN_TYPE = YES_ERROR;
				GCC_WARN_UNDECLARED_SELECTOR = YES;
				GCC_WARN_UNINITIALIZED_AUTOS = YES_AGGRESSIVE;
				GCC_WARN_UNUSED_FUNCTION = YES;
				GCC_WARN_UNUSED_VARIABLE = YES;
				IPHONEOS_DEPLOYMENT_TARGET = 11.4;
				MTL_ENABLE_DEBUG_INFO = YES;
				ONLY_ACTIVE_ARCH = YES;
				SDKROOT = iphoneos;
			};
			name = Debug;
		};
		42E457D5212E426400898A3D /* Release */ = {
			isa = XCBuildConfiguration;
			buildSettings = {
				ALWAYS_SEARCH_USER_PATHS = NO;
				CLANG_ANALYZER_NONNULL = YES;
				CLANG_ANALYZER_NUMBER_OBJECT_CONVERSION = YES_AGGRESSIVE;
				CLANG_CXX_LANGUAGE_STANDARD = "gnu++14";
				CLANG_CXX_LIBRARY = "libc++";
				CLANG_ENABLE_MODULES = YES;
				CLANG_ENABLE_OBJC_ARC = YES;
				CLANG_ENABLE_OBJC_WEAK = YES;
				CLANG_WARN_BLOCK_CAPTURE_AUTORELEASING = YES;
				CLANG_WARN_BOOL_CONVERSION = YES;
				CLANG_WARN_COMMA = YES;
				CLANG_WARN_CONSTANT_CONVERSION = YES;
				CLANG_WARN_DEPRECATED_OBJC_IMPLEMENTATIONS = YES;
				CLANG_WARN_DIRECT_OBJC_ISA_USAGE = YES_ERROR;
				CLANG_WARN_DOCUMENTATION_COMMENTS = YES;
				CLANG_WARN_EMPTY_BODY = YES;
				CLANG_WARN_ENUM_CONVERSION = YES;
				CLANG_WARN_INFINITE_RECURSION = YES;
				CLANG_WARN_INT_CONVERSION = YES;
				CLANG_WARN_NON_LITERAL_NULL_CONVERSION = YES;
				CLANG_WARN_OBJC_IMPLICIT_RETAIN_SELF = YES;
				CLANG_WARN_OBJC_LITERAL_CONVERSION = YES;
				CLANG_WARN_OBJC_ROOT_CLASS = YES_ERROR;
				CLANG_WARN_RANGE_LOOP_ANALYSIS = YES;
				CLANG_WARN_STRICT_PROTOTYPES = YES;
				CLANG_WARN_SUSPICIOUS_MOVE = YES;
				CLANG_WARN_UNGUARDED_AVAILABILITY = YES_AGGRESSIVE;
				CLANG_WARN_UNREACHABLE_CODE = YES;
				CLANG_WARN__DUPLICATE_METHOD_MATCH = YES;
				CODE_SIGN_IDENTITY = "iPhone Developer";
				COPY_PHASE_STRIP = NO;
				DEBUG_INFORMATION_FORMAT = "dwarf-with-dsym";
				ENABLE_NS_ASSERTIONS = NO;
				ENABLE_STRICT_OBJC_MSGSEND = YES;
				GCC_C_LANGUAGE_STANDARD = gnu11;
				GCC_NO_COMMON_BLOCKS = YES;
				GCC_WARN_64_TO_32_BIT_CONVERSION = YES;
				GCC_WARN_ABOUT_RETURN_TYPE = YES_ERROR;
				GCC_WARN_UNDECLARED_SELECTOR = YES;
				GCC_WARN_UNINITIALIZED_AUTOS = YES_AGGRESSIVE;
				GCC_WARN_UNUSED_FUNCTION = YES;
				GCC_WARN_UNUSED_VARIABLE = YES;
				IPHONEOS_DEPLOYMENT_TARGET = 11.4;
				MTL_ENABLE_DEBUG_INFO = NO;
				SDKROOT = iphoneos;
				VALIDATE_PRODUCT = YES;
			};
			name = Release;
		};
		42E457D7212E426400898A3D /* Debug */ = {
			isa = XCBuildConfiguration;
			baseConfigurationReference = B99D65BBD4D969E1CF330A53 /* Pods-NetworkSummary.debug.xcconfig */;
			buildSettings = {
				ASSETCATALOG_COMPILER_APPICON_NAME = AppIcon;
				CODE_SIGN_STYLE = Automatic;
				INFOPLIST_FILE = NetworkSummary/Info.plist;
				LD_RUNPATH_SEARCH_PATHS = (
					"$(inherited)",
					"@executable_path/Frameworks",
				);
				PRODUCT_BUNDLE_IDENTIFIER = www.gjfax.com.NetworkSummary;
				PRODUCT_NAME = "$(TARGET_NAME)";
				TARGETED_DEVICE_FAMILY = "1,2";
			};
			name = Debug;
		};
		42E457D8212E426400898A3D /* Release */ = {
			isa = XCBuildConfiguration;
			baseConfigurationReference = 9F9F8BDA2310C695828EF415 /* Pods-NetworkSummary.release.xcconfig */;
			buildSettings = {
				ASSETCATALOG_COMPILER_APPICON_NAME = AppIcon;
				CODE_SIGN_STYLE = Automatic;
				INFOPLIST_FILE = NetworkSummary/Info.plist;
				LD_RUNPATH_SEARCH_PATHS = (
					"$(inherited)",
					"@executable_path/Frameworks",
				);
				PRODUCT_BUNDLE_IDENTIFIER = www.gjfax.com.NetworkSummary;
				PRODUCT_NAME = "$(TARGET_NAME)";
				TARGETED_DEVICE_FAMILY = "1,2";
			};
			name = Release;
		};
		42E457DA212E426400898A3D /* Debug */ = {
			isa = XCBuildConfiguration;
			buildSettings = {
				BUNDLE_LOADER = "$(TEST_HOST)";
				CODE_SIGN_STYLE = Automatic;
				INFOPLIST_FILE = NetworkSummaryTests/Info.plist;
				LD_RUNPATH_SEARCH_PATHS = (
					"$(inherited)",
					"@executable_path/Frameworks",
					"@loader_path/Frameworks",
				);
				PRODUCT_BUNDLE_IDENTIFIER = www.gjfax.com.NetworkSummaryTests;
				PRODUCT_NAME = "$(TARGET_NAME)";
				TARGETED_DEVICE_FAMILY = "1,2";
				TEST_HOST = "$(BUILT_PRODUCTS_DIR)/NetworkSummary.app/NetworkSummary";
			};
			name = Debug;
		};
		42E457DB212E426400898A3D /* Release */ = {
			isa = XCBuildConfiguration;
			buildSettings = {
				BUNDLE_LOADER = "$(TEST_HOST)";
				CODE_SIGN_STYLE = Automatic;
				INFOPLIST_FILE = NetworkSummaryTests/Info.plist;
				LD_RUNPATH_SEARCH_PATHS = (
					"$(inherited)",
					"@executable_path/Frameworks",
					"@loader_path/Frameworks",
				);
				PRODUCT_BUNDLE_IDENTIFIER = www.gjfax.com.NetworkSummaryTests;
				PRODUCT_NAME = "$(TARGET_NAME)";
				TARGETED_DEVICE_FAMILY = "1,2";
				TEST_HOST = "$(BUILT_PRODUCTS_DIR)/NetworkSummary.app/NetworkSummary";
			};
			name = Release;
		};
		42E457DD212E426400898A3D /* Debug */ = {
			isa = XCBuildConfiguration;
			buildSettings = {
				CODE_SIGN_STYLE = Automatic;
				INFOPLIST_FILE = NetworkSummaryUITests/Info.plist;
				LD_RUNPATH_SEARCH_PATHS = (
					"$(inherited)",
					"@executable_path/Frameworks",
					"@loader_path/Frameworks",
				);
				PRODUCT_BUNDLE_IDENTIFIER = www.gjfax.com.NetworkSummaryUITests;
				PRODUCT_NAME = "$(TARGET_NAME)";
				TARGETED_DEVICE_FAMILY = "1,2";
				TEST_TARGET_NAME = NetworkSummary;
			};
			name = Debug;
		};
		42E457DE212E426400898A3D /* Release */ = {
			isa = XCBuildConfiguration;
			buildSettings = {
				CODE_SIGN_STYLE = Automatic;
				INFOPLIST_FILE = NetworkSummaryUITests/Info.plist;
				LD_RUNPATH_SEARCH_PATHS = (
					"$(inherited)",
					"@executable_path/Frameworks",
					"@loader_path/Frameworks",
				);
				PRODUCT_BUNDLE_IDENTIFIER = www.gjfax.com.NetworkSummaryUITests;
				PRODUCT_NAME = "$(TARGET_NAME)";
				TARGETED_DEVICE_FAMILY = "1,2";
				TEST_TARGET_NAME = NetworkSummary;
			};
			name = Release;
		};
/* End XCBuildConfiguration section */

/* Begin XCConfigurationList section */
		42E457A5212E426200898A3D /* Build configuration list for PBXProject "NetworkSummary" */ = {
			isa = XCConfigurationList;
			buildConfigurations = (
				42E457D4212E426400898A3D /* Debug */,
				42E457D5212E426400898A3D /* Release */,
			);
			defaultConfigurationIsVisible = 0;
			defaultConfigurationName = Release;
		};
		42E457D6212E426400898A3D /* Build configuration list for PBXNativeTarget "NetworkSummary" */ = {
			isa = XCConfigurationList;
			buildConfigurations = (
				42E457D7212E426400898A3D /* Debug */,
				42E457D8212E426400898A3D /* Release */,
			);
			defaultConfigurationIsVisible = 0;
			defaultConfigurationName = Release;
		};
		42E457D9212E426400898A3D /* Build configuration list for PBXNativeTarget "NetworkSummaryTests" */ = {
			isa = XCConfigurationList;
			buildConfigurations = (
				42E457DA212E426400898A3D /* Debug */,
				42E457DB212E426400898A3D /* Release */,
			);
			defaultConfigurationIsVisible = 0;
			defaultConfigurationName = Release;
		};
		42E457DC212E426400898A3D /* Build configuration list for PBXNativeTarget "NetworkSummaryUITests" */ = {
			isa = XCConfigurationList;
			buildConfigurations = (
				42E457DD212E426400898A3D /* Debug */,
				42E457DE212E426400898A3D /* Release */,
			);
			defaultConfigurationIsVisible = 0;
			defaultConfigurationName = Release;
		};
/* End XCConfigurationList section */
	};
	rootObject = 42E457A2212E426200898A3D /* Project object */;
}
